
Microsoft Visual Studio Solution File, Format Version 12.00
# Visual Studio Version 16
VisualStudioVersion = 16.0.29613.14
MinimumVisualStudioVersion = 10.0.40219.1
Project("{9A19103F-16F7-4668-BE54-9A1E7A4F7556}") = "ovalentinionut.Api", "ovalentinionut.Api.csproj", "{B6F8A1B6-DF75-4F27-9033-9D5D2B4F2886}"
EndProject
Project("{9A19103F-16F7-4668-BE54-9A1E7A4F7556}") = "api.Core", "..\api.Core\api.Core.csproj", "{446A5229-9364-462E-B3F7-E86E1677D304}"
EndProject
Project("{9A19103F-16F7-4668-BE54-9A1E7A4F7556}") = "api.Services", "..\api.Services\api.Services.csproj", "{48618FD5-4815-46C8-BACC-DFD440C9CEF3}"
EndProject
Global
	GlobalSection(SolutionConfigurationPlatforms) = preSolution
		Debug|Any CPU = Debug|Any CPU
		Release|Any CPU = Release|Any CPU
	EndGlobalSection
	GlobalSection(ProjectConfigurationPlatforms) = postSolution
		{B6F8A1B6-DF75-4F27-9033-9D5D2B4F2886}.Debug|Any CPU.ActiveCfg = Debug|Any CPU
		{B6F8A1B6-DF75-4F27-9033-9D5D2B4F2886}.Debug|Any CPU.Build.0 = Debug|Any CPU
		{B6F8A1B6-DF75-4F27-9033-9D5D2B4F2886}.Release|Any CPU.ActiveCfg = Release|Any CPU
		{B6F8A1B6-DF75-4F27-9033-9D5D2B4F2886}.Release|Any CPU.Build.0 = Release|Any CPU
		{446A5229-9364-462E-B3F7-E86E1677D304}.Debug|Any CPU.ActiveCfg = Debug|Any CPU
		{446A5229-9364-462E-B3F7-E86E1677D304}.Debug|Any CPU.Build.0 = Debug|Any CPU
		{446A5229-9364-462E-B3F7-E86E1677D304}.Release|Any CPU.ActiveCfg = Release|Any CPU
		{446A5229-9364-462E-B3F7-E86E1677D304}.Release|Any CPU.Build.0 = Release|Any CPU
		{48618FD5-4815-46C8-BACC-DFD440C9CEF3}.Debug|Any CPU.ActiveCfg = Debug|Any CPU
		{48618FD5-4815-46C8-BACC-DFD440C9CEF3}.Debug|Any CPU.Build.0 = Debug|Any CPU
		{48618FD5-4815-46C8-BACC-DFD440C9CEF3}.Release|Any CPU.ActiveCfg = Release|Any CPU
		{48618FD5-4815-46C8-BACC-DFD440C9CEF3}.Release|Any CPU.Build.0 = Release|Any CPU
	EndGlobalSection
	GlobalSection(SolutionProperties) = preSolution
		HideSolutionNode = FALSE
	EndGlobalSection
	GlobalSection(ExtensibilityGlobals) = postSolution
		SolutionGuid = {B62D2EE9-D211-4363-A048-4016FE7ECA75}
	EndGlobalSection
EndGlobal
